# THIS IS AN AUTOGENERATED FILE. DO NOT EDIT THIS FILE DIRECTLY.
# yarn lockfile v1


"@upleveled/eslint-config-upleveled@^3.6.2":
  version "3.6.2"
  resolved "https://registry.yarnpkg.com/@upleveled/eslint-config-upleveled/-/eslint-config-upleveled-3.6.2.tgz#5db71fca0a771b54cf9b4c7d32290ebe933f9f89"
  integrity sha512-n1t22vbkXJZMpup6mHFCBaRbn7Eq3JBsRpGljwOIwffQGNGlu93PmgmXbcpXbBspJIP3UZL+lUP54KAi0xZKjg==
